
Microsoft Visual Studio Solution File, Format Version 12.00
# Visual Studio 15
VisualStudioVersion = 15.0.28307.1209
MinimumVisualStudioVersion = 10.0.40219.1
Project("{FAE04EC0-301F-11D3-BF4B-00C04F79EFBC}") = "ClientTakeChat", "ClientTakeChat\ClientTakeChat.csproj", "{96F161B2-7BD0-4C03-86D5-B691998A6906}"
EndProject
Global
	GlobalSection(SolutionConfigurationPlatforms) = preSolution
		Debug|Any CPU = Debug|Any CPU
		Release|Any CPU = Release|Any CPU
	EndGlobalSection
	GlobalSection(ProjectConfigurationPlatforms) = postSolution
		{96F161B2-7BD0-4C03-86D5-B691998A6906}.Debug|Any CPU.ActiveCfg = Debug|Any CPU
		{96F161B2-7BD0-4C03-86D5-B691998A6906}.Debug|Any CPU.Build.0 = Debug|Any CPU
		{96F161B2-7BD0-4C03-86D5-B691998A6906}.Release|Any CPU.ActiveCfg = Release|Any CPU
		{96F161B2-7BD0-4C03-86D5-B691998A6906}.Release|Any CPU.Build.0 = Release|Any CPU
	EndGlobalSection
	GlobalSection(SolutionProperties) = preSolution
		HideSolutionNode = FALSE
	EndGlobalSection
	GlobalSection(ExtensibilityGlobals) = postSolution
		SolutionGuid = {7FB95EAA-D6E2-4B90-9687-CED2A90A3ABA}
	EndGlobalSection
EndGlobal
